
Microsoft Visual Studio Solution File, Format Version 12.00
# Visual Studio Version 16
VisualStudioVersion = 16.0.30104.148
MinimumVisualStudioVersion = 10.0.40219.1
Project("{FAE04EC0-301F-11D3-BF4B-00C04F79EFBC}") = "MyNote.API", "MyNote.API\MyNote.API.csproj", "{4896B543-30CF-4B8A-A66B-477E2196D67A}"
EndProject
Project("{FAE04EC0-301F-11D3-BF4B-00C04F79EFBC}") = "MyNote.UI", "MyNote.UI\MyNote.UI.csproj", "{88120096-59C1-4D63-B100-93707E69CB73}"
EndProject
Project("{FAE04EC0-301F-11D3-BF4B-00C04F79EFBC}") = "MyNote.Desktop", "MyNote.Desktop\MyNote.Desktop.csproj", "{B2B668AC-A133-4FA6-A35E-E1187A378E5C}"
EndProject
Global
	GlobalSection(SolutionConfigurationPlatforms) = preSolution
		Debug|Any CPU = Debug|Any CPU
		Release|Any CPU = Release|Any CPU
	EndGlobalSection
	GlobalSection(ProjectConfigurationPlatforms) = postSolution
		{4896B543-30CF-4B8A-A66B-477E2196D67A}.Debug|Any CPU.ActiveCfg = Debug|Any CPU
		{4896B543-30CF-4B8A-A66B-477E2196D67A}.Debug|Any CPU.Build.0 = Debug|Any CPU
		{4896B543-30CF-4B8A-A66B-477E2196D67A}.Release|Any CPU.ActiveCfg = Release|Any CPU
		{4896B543-30CF-4B8A-A66B-477E2196D67A}.Release|Any CPU.Build.0 = Release|Any CPU
		{88120096-59C1-4D63-B100-93707E69CB73}.Debug|Any CPU.ActiveCfg = Debug|Any CPU
		{88120096-59C1-4D63-B100-93707E69CB73}.Debug|Any CPU.Build.0 = Debug|Any CPU
		{88120096-59C1-4D63-B100-93707E69CB73}.Release|Any CPU.ActiveCfg = Release|Any CPU
		{88120096-59C1-4D63-B100-93707E69CB73}.Release|Any CPU.Build.0 = Release|Any CPU
		{B2B668AC-A133-4FA6-A35E-E1187A378E5C}.Debug|Any CPU.ActiveCfg = Debug|Any CPU
		{B2B668AC-A133-4FA6-A35E-E1187A378E5C}.Debug|Any CPU.Build.0 = Debug|Any CPU
		{B2B668AC-A133-4FA6-A35E-E1187A378E5C}.Release|Any CPU.ActiveCfg = Release|Any CPU
		{B2B668AC-A133-4FA6-A35E-E1187A378E5C}.Release|Any CPU.Build.0 = Release|Any CPU
	EndGlobalSection
	GlobalSection(SolutionProperties) = preSolution
		HideSolutionNode = FALSE
	EndGlobalSection
	GlobalSection(ExtensibilityGlobals) = postSolution
		SolutionGuid = {BA73B8B7-57C0-493B-9292-A1E663173C02}
	EndGlobalSection
EndGlobal
